<Solution>
  <Folder Name="/src/">
    <Project Path="src/PasswordManager.API/PasswordManager.API.csproj" />
    <Project Path="src/PasswordManager.Application/PasswordManager.Application.csproj" />
    <Project Path="src/PasswordManager.Domain/PasswordManager.Domain.csproj" />
    <Project Path="src/PasswordManager.Infrastructure/PasswordManager.Infrastructure.csproj" />
  </Folder>
  <Folder Name="/tests/">
    <Project Path="tests/PasswordManager.Application.Tests/PasswordManager.Application.Tests.csproj" />
  </Folder>
</Solution>
